
Microsoft Visual Studio Solution File, Format Version 12.00
# Visual Studio Version 16
VisualStudioVersion = 16.0.29318.209
MinimumVisualStudioVersion = 10.0.40219.1
Project("{FAE04EC0-301F-11D3-BF4B-00C04F79EFBC}") = "Sales and Inventory", "Sales and Inventory\Sales and Inventory.csproj", "{17122E2D-EA88-49C8-B14D-705C9012A1E3}"
EndProject
Global
	GlobalSection(SolutionConfigurationPlatforms) = preSolution
		Debug|Any CPU = Debug|Any CPU
		Release|Any CPU = Release|Any CPU
	EndGlobalSection
	GlobalSection(ProjectConfigurationPlatforms) = postSolution
		{17122E2D-EA88-49C8-B14D-705C9012A1E3}.Debug|Any CPU.ActiveCfg = Debug|Any CPU
		{17122E2D-EA88-49C8-B14D-705C9012A1E3}.Debug|Any CPU.Build.0 = Debug|Any CPU
		{17122E2D-EA88-49C8-B14D-705C9012A1E3}.Release|Any CPU.ActiveCfg = Release|Any CPU
		{17122E2D-EA88-49C8-B14D-705C9012A1E3}.Release|Any CPU.Build.0 = Release|Any CPU
	EndGlobalSection
	GlobalSection(SolutionProperties) = preSolution
		HideSolutionNode = FALSE
	EndGlobalSection
	GlobalSection(ExtensibilityGlobals) = postSolution
		SolutionGuid = {5FC7A34B-20A0-4BCA-ABE0-AED12149737B}
	EndGlobalSection
EndGlobal
